Microsoft Visual Studio Solution File, Format Version 12.00
# Visual Studio Version 17
VisualStudioVersion = 17.5.2.0
MinimumVisualStudioVersion = 10.0.40219.1
Project("{FAE04EC0-301F-11D3-BF4B-00C04F79EFBC}") = "duck", "duck.csproj", "{9B6ABB89-517A-33B5-3F6A-BD88AE62AB59}"
EndProject
Global
	GlobalSection(SolutionConfigurationPlatforms) = preSolution
		Debug|Any CPU = Debug|Any CPU
		Release|Any CPU = Release|Any CPU
	EndGlobalSection
	GlobalSection(ProjectConfigurationPlatforms) = postSolution
		{9B6ABB89-517A-33B5-3F6A-BD88AE62AB59}.Debug|Any CPU.ActiveCfg = Debug|Any CPU
		{9B6ABB89-517A-33B5-3F6A-BD88AE62AB59}.Debug|Any CPU.Build.0 = Debug|Any CPU
		{9B6ABB89-517A-33B5-3F6A-BD88AE62AB59}.Release|Any CPU.ActiveCfg = Release|Any CPU
		{9B6ABB89-517A-33B5-3F6A-BD88AE62AB59}.Release|Any CPU.Build.0 = Release|Any CPU
	EndGlobalSection
	GlobalSection(SolutionProperties) = preSolution
		HideSolutionNode = FALSE
	EndGlobalSection
	GlobalSection(ExtensibilityGlobals) = postSolution
		SolutionGuid = {EE95F229-058C-41FF-82E5-0A96EE5F4991}
	EndGlobalSection
EndGlobal
